
Microsoft Visual Studio Solution File, Format Version 12.00
# Visual Studio Version 17
VisualStudioVersion = 17.2.32519.379
MinimumVisualStudioVersion = 10.0.40219.1
Project("{9A19103F-16F7-4668-BE54-9A1E7A4F7556}") = "Business", "Business\Business.csproj", "{5A9AE71A-86CA-4363-B734-5CD9DE8EC8B8}"
EndProject
Project("{9A19103F-16F7-4668-BE54-9A1E7A4F7556}") = "Entities", "Entities\Entities.csproj", "{28B78AD4-B6AC-4A60-8236-AA7FE50ED699}"
EndProject
Project("{9A19103F-16F7-4668-BE54-9A1E7A4F7556}") = "DataAccess", "DataAccess\DataAccess.csproj", "{AD8461DD-99C6-4A97-95D9-B0549B26311C}"
EndProject
Project("{9A19103F-16F7-4668-BE54-9A1E7A4F7556}") = "Core", "Core\Core.csproj", "{D4017464-5B00-4FF7-9027-19B3C48E030D}"
EndProject
Project("{9A19103F-16F7-4668-BE54-9A1E7A4F7556}") = "WebAPI", "WebAPI\WebAPI.csproj", "{7032E318-22AE-464D-9A1E-7F3DBCAF2668}"
EndProject
Global
	GlobalSection(SolutionConfigurationPlatforms) = preSolution
		Debug|Any CPU = Debug|Any CPU
		Release|Any CPU = Release|Any CPU
	EndGlobalSection
	GlobalSection(ProjectConfigurationPlatforms) = postSolution
		{5A9AE71A-86CA-4363-B734-5CD9DE8EC8B8}.Debug|Any CPU.ActiveCfg = Debug|Any CPU
		{5A9AE71A-86CA-4363-B734-5CD9DE8EC8B8}.Debug|Any CPU.Build.0 = Debug|Any CPU
		{5A9AE71A-86CA-4363-B734-5CD9DE8EC8B8}.Release|Any CPU.ActiveCfg = Release|Any CPU
		{5A9AE71A-86CA-4363-B734-5CD9DE8EC8B8}.Release|Any CPU.Build.0 = Release|Any CPU
		{28B78AD4-B6AC-4A60-8236-AA7FE50ED699}.Debug|Any CPU.ActiveCfg = Debug|Any CPU
		{28B78AD4-B6AC-4A60-8236-AA7FE50ED699}.Debug|Any CPU.Build.0 = Debug|Any CPU
		{28B78AD4-B6AC-4A60-8236-AA7FE50ED699}.Release|Any CPU.ActiveCfg = Release|Any CPU
		{28B78AD4-B6AC-4A60-8236-AA7FE50ED699}.Release|Any CPU.Build.0 = Release|Any CPU
		{AD8461DD-99C6-4A97-95D9-B0549B26311C}.Debug|Any CPU.ActiveCfg = Debug|Any CPU
		{AD8461DD-99C6-4A97-95D9-B0549B26311C}.Debug|Any CPU.Build.0 = Debug|Any CPU
		{AD8461DD-99C6-4A97-95D9-B0549B26311C}.Release|Any CPU.ActiveCfg = Release|Any CPU
		{AD8461DD-99C6-4A97-95D9-B0549B26311C}.Release|Any CPU.Build.0 = Release|Any CPU
		{D4017464-5B00-4FF7-9027-19B3C48E030D}.Debug|Any CPU.ActiveCfg = Debug|Any CPU
		{D4017464-5B00-4FF7-9027-19B3C48E030D}.Debug|Any CPU.Build.0 = Debug|Any CPU
		{D4017464-5B00-4FF7-9027-19B3C48E030D}.Release|Any CPU.ActiveCfg = Release|Any CPU
		{D4017464-5B00-4FF7-9027-19B3C48E030D}.Release|Any CPU.Build.0 = Release|Any CPU
		{7032E318-22AE-464D-9A1E-7F3DBCAF2668}.Debug|Any CPU.ActiveCfg = Debug|Any CPU
		{7032E318-22AE-464D-9A1E-7F3DBCAF2668}.Debug|Any CPU.Build.0 = Debug|Any CPU
		{7032E318-22AE-464D-9A1E-7F3DBCAF2668}.Release|Any CPU.ActiveCfg = Release|Any CPU
		{7032E318-22AE-464D-9A1E-7F3DBCAF2668}.Release|Any CPU.Build.0 = Release|Any CPU
	EndGlobalSection
	GlobalSection(SolutionProperties) = preSolution
		HideSolutionNode = FALSE
	EndGlobalSection
	GlobalSection(ExtensibilityGlobals) = postSolution
		SolutionGuid = {B9A95533-9670-44C1-833D-5C11D851DFE6}
	EndGlobalSection
EndGlobal
